
Microsoft Visual Studio Solution File, Format Version 12.00
# Visual Studio Version 17
VisualStudioVersion = 17.10.34916.146
MinimumVisualStudioVersion = 10.0.40219.1
Project("{FAE04EC0-301F-11D3-BF4B-00C04F79EFBC}") = "StudentPortal", "StudentPortal.csproj", "{AA69476C-B201-43A1-AAF5-88AC3160AB8C}"
EndProject
Global
	GlobalSection(SolutionConfigurationPlatforms) = preSolution
		Debug|Any CPU = Debug|Any CPU
		Release|Any CPU = Release|Any CPU
	EndGlobalSection
	GlobalSection(ProjectConfigurationPlatforms) = postSolution
		{AA69476C-B201-43A1-AAF5-88AC3160AB8C}.Debug|Any CPU.ActiveCfg = Debug|Any CPU
		{AA69476C-B201-43A1-AAF5-88AC3160AB8C}.Debug|Any CPU.Build.0 = Debug|Any CPU
		{AA69476C-B201-43A1-AAF5-88AC3160AB8C}.Release|Any CPU.ActiveCfg = Release|Any CPU
		{AA69476C-B201-43A1-AAF5-88AC3160AB8C}.Release|Any CPU.Build.0 = Release|Any CPU
	EndGlobalSection
	GlobalSection(SolutionProperties) = preSolution
		HideSolutionNode = FALSE
	EndGlobalSection
	GlobalSection(ExtensibilityGlobals) = postSolution
		SolutionGuid = {2CB2E38B-53C7-4511-9CE2-27330F4DCF3F}
	EndGlobalSection
EndGlobal
